
Microsoft Visual Studio Solution File, Format Version 12.00
# Visual Studio 15
VisualStudioVersion = 15.0.28010.2016
MinimumVisualStudioVersion = 10.0.40219.1
Project("{8BC9CEB8-8B4A-11D0-8D11-00A0C91BC942}") = "LibKraken", "LibKraken\LibKraken.vcxproj", "{62BBE84C-7843-4E16-AD7B-50E3A6A50103}"
EndProject
Project("{8BC9CEB8-8B4A-11D0-8D11-00A0C91BC942}") = "Kraken", "ThirdParty\Kraken\Kraken.vcxproj", "{777E5434-474E-4BE8-BD19-8AF13CE3FDEA}"
EndProject
Global
	GlobalSection(SolutionConfigurationPlatforms) = preSolution
		Console|x64 = Console|x64
		Console|x86 = Console|x86
		Debug|x64 = Debug|x64
		Debug|x86 = Debug|x86
		Release|x64 = Release|x64
		Release|x86 = Release|x86
	EndGlobalSection
	GlobalSection(ProjectConfigurationPlatforms) = postSolution
		{62BBE84C-7843-4E16-AD7B-50E3A6A50103}.Console|x64.ActiveCfg = Console|x64
		{62BBE84C-7843-4E16-AD7B-50E3A6A50103}.Console|x64.Build.0 = Console|x64
		{62BBE84C-7843-4E16-AD7B-50E3A6A50103}.Console|x86.ActiveCfg = Console|Win32
		{62BBE84C-7843-4E16-AD7B-50E3A6A50103}.Console|x86.Build.0 = Console|Win32
		{62BBE84C-7843-4E16-AD7B-50E3A6A50103}.Debug|x64.ActiveCfg = Debug|x64
		{62BBE84C-7843-4E16-AD7B-50E3A6A50103}.Debug|x64.Build.0 = Debug|x64
		{62BBE84C-7843-4E16-AD7B-50E3A6A50103}.Debug|x86.ActiveCfg = Debug|Win32
		{62BBE84C-7843-4E16-AD7B-50E3A6A50103}.Debug|x86.Build.0 = Debug|Win32
		{62BBE84C-7843-4E16-AD7B-50E3A6A50103}.Release|x64.ActiveCfg = Release|x64
		{62BBE84C-7843-4E16-AD7B-50E3A6A50103}.Release|x64.Build.0 = Release|x64
		{62BBE84C-7843-4E16-AD7B-50E3A6A50103}.Release|x86.ActiveCfg = Release|Win32
		{62BBE84C-7843-4E16-AD7B-50E3A6A50103}.Release|x86.Build.0 = Release|Win32
		{777E5434-474E-4BE8-BD19-8AF13CE3FDEA}.Console|x64.ActiveCfg = Console|x64
		{777E5434-474E-4BE8-BD19-8AF13CE3FDEA}.Console|x64.Build.0 = Console|x64
		{777E5434-474E-4BE8-BD19-8AF13CE3FDEA}.Console|x86.ActiveCfg = Console|Win32
		{777E5434-474E-4BE8-BD19-8AF13CE3FDEA}.Console|x86.Build.0 = Console|Win32
		{777E5434-474E-4BE8-BD19-8AF13CE3FDEA}.Debug|x64.ActiveCfg = Debug|x64
		{777E5434-474E-4BE8-BD19-8AF13CE3FDEA}.Debug|x64.Build.0 = Debug|x64
		{777E5434-474E-4BE8-BD19-8AF13CE3FDEA}.Debug|x86.ActiveCfg = Debug|Win32
		{777E5434-474E-4BE8-BD19-8AF13CE3FDEA}.Debug|x86.Build.0 = Debug|Win32
		{777E5434-474E-4BE8-BD19-8AF13CE3FDEA}.Release|x64.ActiveCfg = Release|x64
		{777E5434-474E-4BE8-BD19-8AF13CE3FDEA}.Release|x64.Build.0 = Release|x64
		{777E5434-474E-4BE8-BD19-8AF13CE3FDEA}.Release|x86.ActiveCfg = Release|Win32
		{777E5434-474E-4BE8-BD19-8AF13CE3FDEA}.Release|x86.Build.0 = Release|Win32
	EndGlobalSection
	GlobalSection(SolutionProperties) = preSolution
		HideSolutionNode = FALSE
	EndGlobalSection
	GlobalSection(ExtensibilityGlobals) = postSolution
		SolutionGuid = {22756B45-F2C9-4BBF-9C8D-304406E4A5D4}
	EndGlobalSection
EndGlobal
